
Microsoft Visual Studio Solution File, Format Version 12.00
# Visual Studio Version 17
VisualStudioVersion = 17.8.34330.188
MinimumVisualStudioVersion = 10.0.40219.1
Project("{FAE04EC0-301F-11D3-BF4B-00C04F79EFBC}") = "odev5", "odev5\odev5.csproj", "{110CCDC2-2685-436A-99E3-EF6B6EA00D92}"
EndProject
Global
	GlobalSection(SolutionConfigurationPlatforms) = preSolution
		Debug|Any CPU = Debug|Any CPU
		Release|Any CPU = Release|Any CPU
	EndGlobalSection
	GlobalSection(ProjectConfigurationPlatforms) = postSolution
		{110CCDC2-2685-436A-99E3-EF6B6EA00D92}.Debug|Any CPU.ActiveCfg = Debug|Any CPU
		{110CCDC2-2685-436A-99E3-EF6B6EA00D92}.Debug|Any CPU.Build.0 = Debug|Any CPU
		{110CCDC2-2685-436A-99E3-EF6B6EA00D92}.Release|Any CPU.ActiveCfg = Release|Any CPU
		{110CCDC2-2685-436A-99E3-EF6B6EA00D92}.Release|Any CPU.Build.0 = Release|Any CPU
	EndGlobalSection
	GlobalSection(SolutionProperties) = preSolution
		HideSolutionNode = FALSE
	EndGlobalSection
	GlobalSection(ExtensibilityGlobals) = postSolution
		SolutionGuid = {C4FDA380-2BB4-40A5-852D-A2B07753B409}
	EndGlobalSection
EndGlobal
